// !$*UTF8*$!
{
	archiveVersion = 1;
	classes = {
	};
	objectVersion = 50;
	objects = {

/* Begin PBXBuildFile section */
		9E21D1E825B1ABC000DE87CC /* AppDelegate.swift in Sources */ = {isa = PBXBuildFile; fileRef = 9E21D1E725B1ABC000DE87CC /* AppDelegate.swift */; };
		9E21D1EA25B1ABC000DE87CC /* SceneDelegate.swift in Sources */ = {isa = PBXBuildFile; fileRef = 9E21D1E925B1ABC000DE87CC /* SceneDelegate.swift */; };
		9E21D1EC25B1ABC000DE87CC /* ViewController.swift in Sources */ = {isa = PBXBuildFile; fileRef = 9E21D1EB25B1ABC000DE87CC /* ViewController.swift */; };
		9E21D1EF25B1ABC000DE87CC /* Main.storyboard in Resources */ = {isa = PBXBuildFile; fileRef = 9E21D1ED25B1ABC000DE87CC /* Main.storyboard */; };
		9E21D1F125B1ABC100DE87CC /* Assets.xcassets in Resources */ = {isa = PBXBuildFile; fileRef = 9E21D1F025B1ABC100DE87CC /* Assets.xcassets */; };
		9E21D1F425B1ABC100DE87CC /* LaunchScreen.storyboard in Resources */ = {isa = PBXBuildFile; fileRef = 9E21D1F225B1ABC100DE87CC /* LaunchScreen.storyboard */; };
		9E21D1FF25B1ABC100DE87CC /* QRCodeGenerateExTests.swift in Sources */ = {isa = PBXBuildFile; fileRef = 9E21D1FE25B1ABC100DE87CC /* QRCodeGenerateExTests.swift */; };
		9E21D20A25B1ABC100DE87CC /* QRCodeGenerateExUITests.swift in Sources */ = {isa = PBXBuildFile; fileRef = 9E21D20925B1ABC100DE87CC /* QRCodeGenerateExUITests.swift */; };
/* End PBXBuildFile section */

/* Begin PBXContainerItemProxy section */
		9E21D1FB25B1ABC100DE87CC /* PBXContainerItemProxy */ = {
			isa = PBXContainerItemProxy;
			containerPortal = 9E21D1DC25B1ABC000DE87CC /* Project object */;
			proxyType = 1;
			remoteGlobalIDString = 9E21D1E325B1ABC000DE87CC;
			remoteInfo = QRCodeGenerateEx;
		};
		9E21D20625B1ABC100DE87CC /* PBXContainerItemProxy */ = {
			isa = PBXContainerItemProxy;
			containerPortal = 9E21D1DC25B1ABC000DE87CC /* Project object */;
			proxyType = 1;
			remoteGlobalIDString = 9E21D1E325B1ABC000DE87CC;
			remoteInfo = QRCodeGenerateEx;
		};
/* End PBXContainerItemProxy section */

/* Begin PBXFileReference section */
		9E21D1E425B1ABC000DE87CC /* QRCodeGenerateEx.app */ = {isa = PBXFileReference; explicitFileType = wrapper.application; includeInIndex = 0; path = QRCodeGenerateEx.app; sourceTree = BUILT_PRODUCTS_DIR; };
		9E21D1E725B1ABC000DE87CC /* AppDelegate.swift */ = {isa = PBXFileReference; lastKnownFileType = sourcecode.swift; path = AppDelegate.swift; sourceTree = "<group>"; };
		9E21D1E925B1ABC000DE87CC /* SceneDelegate.swift */ = {isa = PBXFileReference; lastKnownFileType = sourcecode.swift; path = SceneDelegate.swift; sourceTree = "<group>"; };
		9E21D1EB25B1ABC000DE87CC /* ViewController.swift */ = {isa = PBXFileReference; lastKnownFileType = sourcecode.swift; path = ViewController.swift; sourceTree = "<group>"; };
		9E21D1EE25B1ABC000DE87CC /* Base */ = {isa = PBXFileReference; lastKnownFileType = file.storyboard; name = Base; path = Base.lproj/Main.storyboard; sourceTree = "<group>"; };
		9E21D1F025B1ABC100DE87CC /* Assets.xcassets */ = {isa = PBXFileReference; lastKnownFileType = folder.assetcatalog; path = Assets.xcassets; sourceTree = "<group>"; };
		9E21D1F325B1ABC100DE87CC /* Base */ = {isa = PBXFileReference; lastKnownFileType = file.storyboard; name = Base; path = Base.lproj/LaunchScreen.storyboard; sourceTree = "<group>"; };
		9E21D1F525B1ABC100DE87CC /* Info.plist */ = {isa = PBXFileReference; lastKnownFileType = text.plist.xml; path = Info.plist; sourceTree = "<group>"; };
		9E21D1FA25B1ABC100DE87CC /* QRCodeGenerateExTests.xctest */ = {isa = PBXFileReference; explicitFileType = wrapper.cfbundle; includeInIndex = 0; path = QRCodeGenerateExTests.xctest; sourceTree = BUILT_PRODUCTS_DIR; };
		9E21D1FE25B1ABC100DE87CC /* QRCodeGenerateExTests.swift */ = {isa = PBXFileReference; lastKnownFileType = sourcecode.swift; path = QRCodeGenerateExTests.swift; sourceTree = "<group>"; };
		9E21D20025B1ABC100DE87CC /* Info.plist */ = {isa = PBXFileReference; lastKnownFileType = text.plist.xml; path = Info.plist; sourceTree = "<group>"; };
		9E21D20525B1ABC100DE87CC /* QRCodeGenerateExUITests.xctest */ = {isa = PBXFileReference; explicitFileType = wrapper.cfbundle; includeInIndex = 0; path = QRCodeGenerateExUITests.xctest; sourceTree = BUILT_PRODUCTS_DIR; };
		9E21D20925B1ABC100DE87CC /* QRCodeGenerateExUITests.swift */ = {isa = PBXFileReference; lastKnownFileType = sourcecode.swift; path = QRCodeGenerateExUITests.swift; sourceTree = "<group>"; };
		9E21D20B25B1ABC100DE87CC /* Info.plist */ = {isa = PBXFileReference; lastKnownFileType = text.plist.xml; path = Info.plist; sourceTree = "<group>"; };
/* End PBXFileReference section */

/* Begin PBXFrameworksBuildPhase section */
		9E21D1E125B1ABC000DE87CC /* Frameworks */ = {
			isa = PBXFrameworksBuildPhase;
			buildActionMask = 2147483647;
			files = (
			);
			runOnlyForDeploymentPostprocessing = 0;
		};
		9E21D1F725B1ABC100DE87CC /* Frameworks */ = {
			isa = PBXFrameworksBuildPhase;
			buildActionMask = 2147483647;
			files = (
			);
			runOnlyForDeploymentPostprocessing = 0;
		};
		9E21D20225B1ABC100DE87CC /* Frameworks */ = {
			isa = PBXFrameworksBuildPhase;
			buildActionMask = 2147483647;
			files = (
			);
			runOnlyForDeploymentPostprocessing = 0;
		};
/* End PBXFrameworksBuildPhase section */

/* Begin PBXGroup section */
		9E21D1DB25B1ABC000DE87CC = {
			isa = PBXGroup;
			children = (
				9E21D1E625B1ABC000DE87CC /* QRCodeGenerateEx */,
				9E21D1FD25B1ABC100DE87CC /* QRCodeGenerateExTests */,
				9E21D20825B1ABC100DE87CC /* QRCodeGenerateExUITests */,
				9E21D1E525B1ABC000DE87CC /* Products */,
			);
			sourceTree = "<group>";
		};
		9E21D1E525B1ABC000DE87CC /* Products */ = {
			isa = PBXGroup;
			children = (
				9E21D1E425B1ABC000DE87CC /* QRCodeGenerateEx.app */,
				9E21D1FA25B1ABC100DE87CC /* QRCodeGenerateExTests.xctest */,
				9E21D20525B1ABC100DE87CC /* QRCodeGenerateExUITests.xctest */,
			);
			name = Products;
			sourceTree = "<group>";
		};
		9E21D1E625B1ABC000DE87CC /* QRCodeGenerateEx */ = {
			isa = PBXGroup;
			children = (
				9E21D1E725B1ABC000DE87CC /* AppDelegate.swift */,
				9E21D1E925B1ABC000DE87CC /* SceneDelegate.swift */,
				9E21D1EB25B1ABC000DE87CC /* ViewController.swift */,
				9E21D1ED25B1ABC000DE87CC /* Main.storyboard */,
				9E21D1F025B1ABC100DE87CC /* Assets.xcassets */,
				9E21D1F225B1ABC100DE87CC /* LaunchScreen.storyboard */,
				9E21D1F525B1ABC100DE87CC /* Info.plist */,
			);
			path = QRCodeGenerateEx;
			sourceTree = "<group>";
		};
		9E21D1FD25B1ABC100DE87CC /* QRCodeGenerateExTests */ = {
			isa = PBXGroup;
			children = (
				9E21D1FE25B1ABC100DE87CC /* QRCodeGenerateExTests.swift */,
				9E21D20025B1ABC100DE87CC /* Info.plist */,
			);
			path = QRCodeGenerateExTests;
			sourceTree = "<group>";
		};
		9E21D20825B1ABC100DE87CC /* QRCodeGenerateExUITests */ = {
			isa = PBXGroup;
			children = (
				9E21D20925B1ABC100DE87CC /* QRCodeGenerateExUITests.swift */,
				9E21D20B25B1ABC100DE87CC /* Info.plist */,
			);
			path = QRCodeGenerateExUITests;
			sourceTree = "<group>";
		};
/* End PBXGroup section */

/* Begin PBXNativeTarget section */
		9E21D1E325B1ABC000DE87CC /* QRCodeGenerateEx */ = {
			isa = PBXNativeTarget;
			buildConfigurationList = 9E21D20E25B1ABC100DE87CC /* Build configuration list for PBXNativeTarget "QRCodeGenerateEx" */;
			buildPhases = (
				9E21D1E025B1ABC000DE87CC /* Sources */,
				9E21D1E125B1ABC000DE87CC /* Frameworks */,
				9E21D1E225B1ABC000DE87CC /* Resources */,
			);
			buildRules = (
			);
			dependencies = (
			);
			name = QRCodeGenerateEx;
			productName = QRCodeGenerateEx;
			productReference = 9E21D1E425B1ABC000DE87CC /* QRCodeGenerateEx.app */;
			productType = "com.apple.product-type.application";
		};
		9E21D1F925B1ABC100DE87CC /* QRCodeGenerateExTests */ = {
			isa = PBXNativeTarget;
			buildConfigurationList = 9E21D21125B1ABC100DE87CC /* Build configuration list for PBXNativeTarget "QRCodeGenerateExTests" */;
			buildPhases = (
				9E21D1F625B1ABC100DE87CC /* Sources */,
				9E21D1F725B1ABC100DE87CC /* Frameworks */,
				9E21D1F825B1ABC100DE87CC /* Resources */,
			);
			buildRules = (
			);
			dependencies = (
				9E21D1FC25B1ABC100DE87CC /* PBXTargetDependency */,
			);
			name = QRCodeGenerateExTests;
			productName = QRCodeGenerateExTests;
			productReference = 9E21D1FA25B1ABC100DE87CC /* QRCodeGenerateExTests.xctest */;
			productType = "com.apple.product-type.bundle.unit-test";
		};
		9E21D20425B1ABC100DE87CC /* QRCodeGenerateExUITests */ = {
			isa = PBXNativeTarget;
			buildConfigurationList = 9E21D21425B1ABC100DE87CC /* Build configuration list for PBXNativeTarget "QRCodeGenerateExUITests" */;
			buildPhases = (
				9E21D20125B1ABC100DE87CC /* Sources */,
				9E21D20225B1ABC100DE87CC /* Frameworks */,
				9E21D20325B1ABC100DE87CC /* Resources */,
			);
			buildRules = (
			);
			dependencies = (
				9E21D20725B1ABC100DE87CC /* PBXTargetDependency */,
			);
			name = QRCodeGenerateExUITests;
			productName = QRCodeGenerateExUITests;
			productReference = 9E21D20525B1ABC100DE87CC /* QRCodeGenerateExUITests.xctest */;
			productType = "com.apple.product-type.bundle.ui-testing";
		};
/* End PBXNativeTarget section */

/* Begin PBXProject section */
		9E21D1DC25B1ABC000DE87CC /* Project object */ = {
			isa = PBXProject;
			attributes = {
				LastSwiftUpdateCheck = 1230;
				LastUpgradeCheck = 1230;
				TargetAttributes = {
					9E21D1E325B1ABC000DE87CC = {
						CreatedOnToolsVersion = 12.3;
					};
					9E21D1F925B1ABC100DE87CC = {
						CreatedOnToolsVersion = 12.3;
						TestTargetID = 9E21D1E325B1ABC000DE87CC;
					};
					9E21D20425B1ABC100DE87CC = {
						CreatedOnToolsVersion = 12.3;
						TestTargetID = 9E21D1E325B1ABC000DE87CC;
					};
				};
			};
			buildConfigurationList = 9E21D1DF25B1ABC000DE87CC /* Build configuration list for PBXProject "QRCodeGenerateEx" */;
			compatibilityVersion = "Xcode 9.3";
			developmentRegion = en;
			hasScannedForEncodings = 0;
			knownRegions = (
				en,
				Base,
			);
			mainGroup = 9E21D1DB25B1ABC000DE87CC;
			productRefGroup = 9E21D1E525B1ABC000DE87CC /* Products */;
			projectDirPath = "";
			projectRoot = "";
			targets = (
				9E21D1E325B1ABC000DE87CC /* QRCodeGenerateEx */,
				9E21D1F925B1ABC100DE87CC /* QRCodeGenerateExTests */,
				9E21D20425B1ABC100DE87CC /* QRCodeGenerateExUITests */,
			);
		};
/* End PBXProject section */

/* Begin PBXResourcesBuildPhase section */
		9E21D1E225B1ABC000DE87CC /* Resources */ = {
			isa = PBXResourcesBuildPhase;
			buildActionMask = 2147483647;
			files = (
				9E21D1F425B1ABC100DE87CC /* LaunchScreen.storyboard in Resources */,
				9E21D1F125B1ABC100DE87CC /* Assets.xcassets in Resources */,
				9E21D1EF25B1ABC000DE87CC /* Main.storyboard in Resources */,
			);
			runOnlyForDeploymentPostprocessing = 0;
		};
		9E21D1F825B1ABC100DE87CC /* Resources */ = {
			isa = PBXResourcesBuildPhase;
			buildActionMask = 2147483647;
			files = (
			);
			runOnlyForDeploymentPostprocessing = 0;
		};
		9E21D20325B1ABC100DE87CC /* Resources */ = {
			isa = PBXResourcesBuildPhase;
			buildActionMask = 2147483647;
			files = (
			);
			runOnlyForDeploymentPostprocessing = 0;
		};
/* End PBXResourcesBuildPhase section */

/* Begin PBXSourcesBuildPhase section */
		9E21D1E025B1ABC000DE87CC /* Sources */ = {
			isa = PBXSourcesBuildPhase;
			buildActionMask = 2147483647;
			files = (
				9E21D1EC25B1ABC000DE87CC /* ViewController.swift in Sources */,
				9E21D1E825B1ABC000DE87CC /* AppDelegate.swift in Sources */,
				9E21D1EA25B1ABC000DE87CC /* SceneDelegate.swift in Sources */,
			);
			runOnlyForDeploymentPostprocessing = 0;
		};
		9E21D1F625B1ABC100DE87CC /* Sources */ = {
			isa = PBXSourcesBuildPhase;
			buildActionMask = 2147483647;
			files = (
				9E21D1FF25B1ABC100DE87CC /* QRCodeGenerateExTests.swift in Sources */,
			);
			runOnlyForDeploymentPostprocessing = 0;
		};
		9E21D20125B1ABC100DE87CC /* Sources */ = {
			isa = PBXSourcesBuildPhase;
			buildActionMask = 2147483647;
			files = (
				9E21D20A25B1ABC100DE87CC /* QRCodeGenerateExUITests.swift in Sources */,
			);
			runOnlyForDeploymentPostprocessing = 0;
		};
/* End PBXSourcesBuildPhase section */

/* Begin PBXTargetDependency section */
		9E21D1FC25B1ABC100DE87CC /* PBXTargetDependency */ = {
			isa = PBXTargetDependency;
			target = 9E21D1E325B1ABC000DE87CC /* QRCodeGenerateEx */;
			targetProxy = 9E21D1FB25B1ABC100DE87CC /* PBXContainerItemProxy */;
		};
		9E21D20725B1ABC100DE87CC /* PBXTargetDependency */ = {
			isa = PBXTargetDependency;
			target = 9E21D1E325B1ABC000DE87CC /* QRCodeGenerateEx */;
			targetProxy = 9E21D20625B1ABC100DE87CC /* PBXContainerItemProxy */;
		};
/* End PBXTargetDependency section */

/* Begin PBXVariantGroup section */
		9E21D1ED25B1ABC000DE87CC /* Main.storyboard */ = {
			isa = PBXVariantGroup;
			children = (
				9E21D1EE25B1ABC000DE87CC /* Base */,
			);
			name = Main.storyboard;
			sourceTree = "<group>";
		};
		9E21D1F225B1ABC100DE87CC /* LaunchScreen.storyboard */ = {
			isa = PBXVariantGroup;
			children = (
				9E21D1F325B1ABC100DE87CC /* Base */,
			);
			name = LaunchScreen.storyboard;
			sourceTree = "<group>";
		};
/* End PBXVariantGroup section */

/* Begin XCBuildConfiguration section */
		9E21D20C25B1ABC100DE87CC /* Debug */ = {
			isa = XCBuildConfiguration;
			buildSettings = {
				ALWAYS_SEARCH_USER_PATHS = NO;
				CLANG_ANALYZER_NONNULL = YES;
				CLANG_ANALYZER_NUMBER_OBJECT_CONVERSION = YES_AGGRESSIVE;
				CLANG_CXX_LANGUAGE_STANDARD = "gnu++14";
				CLANG_CXX_LIBRARY = "libc++";
				CLANG_ENABLE_MODULES = YES;
				CLANG_ENABLE_OBJC_ARC = YES;
				CLANG_ENABLE_OBJC_WEAK = YES;
				CLANG_WARN_BLOCK_CAPTURE_AUTORELEASING = YES;
				CLANG_WARN_BOOL_CONVERSION = YES;
				CLANG_WARN_COMMA = YES;
				CLANG_WARN_CONSTANT_CONVERSION = YES;
				CLANG_WARN_DEPRECATED_OBJC_IMPLEMENTATIONS = YES;
				CLANG_WARN_DIRECT_OBJC_ISA_USAGE = YES_ERROR;
				CLANG_WARN_DOCUMENTATION_COMMENTS = YES;
				CLANG_WARN_EMPTY_BODY = YES;
				CLANG_WARN_ENUM_CONVERSION = YES;
				CLANG_WARN_INFINITE_RECURSION = YES;
				CLANG_WARN_INT_CONVERSION = YES;
				CLANG_WARN_NON_LITERAL_NULL_CONVERSION = YES;
				CLANG_WARN_OBJC_IMPLICIT_RETAIN_SELF = YES;
				CLANG_WARN_OBJC_LITERAL_CONVERSION = YES;
				CLANG_WARN_OBJC_ROOT_CLASS = YES_ERROR;
				CLANG_WARN_QUOTED_INCLUDE_IN_FRAMEWORK_HEADER = YES;
				CLANG_WARN_RANGE_LOOP_ANALYSIS = YES;
				CLANG_WARN_STRICT_PROTOTYPES = YES;
				CLANG_WARN_SUSPICIOUS_MOVE = YES;
				CLANG_WARN_UNGUARDED_AVAILABILITY = YES_AGGRESSIVE;
				CLANG_WARN_UNREACHABLE_CODE = YES;
				CLANG_WARN__DUPLICATE_METHOD_MATCH = YES;
				COPY_PHASE_STRIP = NO;
				DEBUG_INFORMATION_FORMAT = dwarf;
				ENABLE_STRICT_OBJC_MSGSEND = YES;
				ENABLE_TESTABILITY = YES;
				GCC_C_LANGUAGE_STANDARD = gnu11;
				GCC_DYNAMIC_NO_PIC = NO;
				GCC_NO_COMMON_BLOCKS = YES;
				GCC_OPTIMIZATION_LEVEL = 0;
				GCC_PREPROCESSOR_DEFINITIONS = (
					"DEBUG=1",
					"$(inherited)",
				);
				GCC_WARN_64_TO_32_BIT_CONVERSION = YES;
				GCC_WARN_ABOUT_RETURN_TYPE = YES_ERROR;
				GCC_WARN_UNDECLARED_SELECTOR = YES;
				GCC_WARN_UNINITIALIZED_AUTOS = YES_AGGRESSIVE;
				GCC_WARN_UNUSED_FUNCTION = YES;
				GCC_WARN_UNUSED_VARIABLE = YES;
				IPHONEOS_DEPLOYMENT_TARGET = 14.3;
				MTL_ENABLE_DEBUG_INFO = INCLUDE_SOURCE;
				MTL_FAST_MATH = YES;
				ONLY_ACTIVE_ARCH = YES;
				SDKROOT = iphoneos;
				SWIFT_ACTIVE_COMPILATION_CONDITIONS = DEBUG;
				SWIFT_OPTIMIZATION_LEVEL = "-Onone";
			};
			name = Debug;
		};
		9E21D20D25B1ABC100DE87CC /* Release */ = {
			isa = XCBuildConfiguration;
			buildSettings = {
				ALWAYS_SEARCH_USER_PATHS = NO;
				CLANG_ANALYZER_NONNULL = YES;
				CLANG_ANALYZER_NUMBER_OBJECT_CONVERSION = YES_AGGRESSIVE;
				CLANG_CXX_LANGUAGE_STANDARD = "gnu++14";
				CLANG_CXX_LIBRARY = "libc++";
				CLANG_ENABLE_MODULES = YES;
				CLANG_ENABLE_OBJC_ARC = YES;
				CLANG_ENABLE_OBJC_WEAK = YES;
				CLANG_WARN_BLOCK_CAPTURE_AUTORELEASING = YES;
				CLANG_WARN_BOOL_CONVERSION = YES;
				CLANG_WARN_COMMA = YES;
				CLANG_WARN_CONSTANT_CONVERSION = YES;
				CLANG_WARN_DEPRECATED_OBJC_IMPLEMENTATIONS = YES;
				CLANG_WARN_DIRECT_OBJC_ISA_USAGE = YES_ERROR;
				CLANG_WARN_DOCUMENTATION_COMMENTS = YES;
				CLANG_WARN_EMPTY_BODY = YES;
				CLANG_WARN_ENUM_CONVERSION = YES;
				CLANG_WARN_INFINITE_RECURSION = YES;
				CLANG_WARN_INT_CONVERSION = YES;
				CLANG_WARN_NON_LITERAL_NULL_CONVERSION = YES;
				CLANG_WARN_OBJC_IMPLICIT_RETAIN_SELF = YES;
				CLANG_WARN_OBJC_LITERAL_CONVERSION = YES;
				CLANG_WARN_OBJC_ROOT_CLASS = YES_ERROR;
				CLANG_WARN_QUOTED_INCLUDE_IN_FRAMEWORK_HEADER = YES;
				CLANG_WARN_RANGE_LOOP_ANALYSIS = YES;
				CLANG_WARN_STRICT_PROTOTYPES = YES;
				CLANG_WARN_SUSPICIOUS_MOVE = YES;
				CLANG_WARN_UNGUARDED_AVAILABILITY = YES_AGGRESSIVE;
				CLANG_WARN_UNREACHABLE_CODE = YES;
				CLANG_WARN__DUPLICATE_METHOD_MATCH = YES;
				COPY_PHASE_STRIP = NO;
				DEBUG_INFORMATION_FORMAT = "dwarf-with-dsym";
				ENABLE_NS_ASSERTIONS = NO;
				ENABLE_STRICT_OBJC_MSGSEND = YES;
				GCC_C_LANGUAGE_STANDARD = gnu11;
				GCC_NO_COMMON_BLOCKS = YES;
				GCC_WARN_64_TO_32_BIT_CONVERSION = YES;
				GCC_WARN_ABOUT_RETURN_TYPE = YES_ERROR;
				GCC_WARN_UNDECLARED_SELECTOR = YES;
				GCC_WARN_UNINITIALIZED_AUTOS = YES_AGGRESSIVE;
				GCC_WARN_UNUSED_FUNCTION = YES;
				GCC_WARN_UNUSED_VARIABLE = YES;
				IPHONEOS_DEPLOYMENT_TARGET = 14.3;
				MTL_ENABLE_DEBUG_INFO = NO;
				MTL_FAST_MATH = YES;
				SDKROOT = iphoneos;
				SWIFT_COMPILATION_MODE = wholemodule;
				SWIFT_OPTIMIZATION_LEVEL = "-O";
				VALIDATE_PRODUCT = YES;
			};
			name = Release;
		};
		9E21D20F25B1ABC100DE87CC /* Debug */ = {
			isa = XCBuildConfiguration;
			buildSettings = {
				ASSETCATALOG_COMPILER_APPICON_NAME = AppIcon;
				ASSETCATALOG_COMPILER_GLOBAL_ACCENT_COLOR_NAME = AccentColor;
				CODE_SIGN_STYLE = Automatic;
				DEVELOPMENT_TEAM = 9JTFXT4CWH;
				INFOPLIST_FILE = QRCodeGenerateEx/Info.plist;
				LD_RUNPATH_SEARCH_PATHS = (
					"$(inherited)",
					"@executable_path/Frameworks",
				);
				PRODUCT_BUNDLE_IDENTIFIER = EnchantCode.QRCodeGenerateEx;
				PRODUCT_NAME = "$(TARGET_NAME)";
				SWIFT_VERSION = 5.0;
				TARGETED_DEVICE_FAMILY = "1,2";
			};
			name = Debug;
		};
		9E21D21025B1ABC100DE87CC /* Release */ = {
			isa = XCBuildConfiguration;
			buildSettings = {
				ASSETCATALOG_COMPILER_APPICON_NAME = AppIcon;
				ASSETCATALOG_COMPILER_GLOBAL_ACCENT_COLOR_NAME = AccentColor;
				CODE_SIGN_STYLE = Automatic;
				DEVELOPMENT_TEAM = 9JTFXT4CWH;
				INFOPLIST_FILE = QRCodeGenerateEx/Info.plist;
				LD_RUNPATH_SEARCH_PATHS = (
					"$(inherited)",
					"@executable_path/Frameworks",
				);
				PRODUCT_BUNDLE_IDENTIFIER = EnchantCode.QRCodeGenerateEx;
				PRODUCT_NAME = "$(TARGET_NAME)";
				SWIFT_VERSION = 5.0;
				TARGETED_DEVICE_FAMILY = "1,2";
			};
			name = Release;
		};
		9E21D21225B1ABC100DE87CC /* Debug */ = {
			isa = XCBuildConfiguration;
			buildSettings = {
				ALWAYS_EMBED_SWIFT_STANDARD_LIBRARIES = YES;
				BUNDLE_LOADER = "$(TEST_HOST)";
				CODE_SIGN_STYLE = Automatic;
				DEVELOPMENT_TEAM = 9JTFXT4CWH;
				INFOPLIST_FILE = QRCodeGenerateExTests/Info.plist;
				IPHONEOS_DEPLOYMENT_TARGET = 14.3;
				LD_RUNPATH_SEARCH_PATHS = (
					"$(inherited)",
					"@executable_path/Frameworks",
					"@loader_path/Frameworks",
				);
				PRODUCT_BUNDLE_IDENTIFIER = EnchantCode.QRCodeGenerateExTests;
				PRODUCT_NAME = "$(TARGET_NAME)";
				SWIFT_VERSION = 5.0;
				TARGETED_DEVICE_FAMILY = "1,2";
				TEST_HOST = "$(BUILT_PRODUCTS_DIR)/QRCodeGenerateEx.app/QRCodeGenerateEx";
			};
			name = Debug;
		};
		9E21D21325B1ABC100DE87CC /* Release */ = {
			isa = XCBuildConfiguration;
			buildSettings = {
				ALWAYS_EMBED_SWIFT_STANDARD_LIBRARIES = YES;
				BUNDLE_LOADER = "$(TEST_HOST)";
				CODE_SIGN_STYLE = Automatic;
				DEVELOPMENT_TEAM = 9JTFXT4CWH;
				INFOPLIST_FILE = QRCodeGenerateExTests/Info.plist;
				IPHONEOS_DEPLOYMENT_TARGET = 14.3;
				LD_RUNPATH_SEARCH_PATHS = (
					"$(inherited)",
					"@executable_path/Frameworks",
					"@loader_path/Frameworks",
				);
				PRODUCT_BUNDLE_IDENTIFIER = EnchantCode.QRCodeGenerateExTests;
				PRODUCT_NAME = "$(TARGET_NAME)";
				SWIFT_VERSION = 5.0;
				TARGETED_DEVICE_FAMILY = "1,2";
				TEST_HOST = "$(BUILT_PRODUCTS_DIR)/QRCodeGenerateEx.app/QRCodeGenerateEx";
			};
			name = Release;
		};
		9E21D21525B1ABC100DE87CC /* Debug */ = {
			isa = XCBuildConfiguration;
			buildSettings = {
				ALWAYS_EMBED_SWIFT_STANDARD_LIBRARIES = YES;
				CODE_SIGN_STYLE = Automatic;
				DEVELOPMENT_TEAM = 9JTFXT4CWH;
				INFOPLIST_FILE = QRCodeGenerateExUITests/Info.plist;
				LD_RUNPATH_SEARCH_PATHS = (
					"$(inherited)",
					"@executable_path/Frameworks",
					"@loader_path/Frameworks",
				);
				PRODUCT_BUNDLE_IDENTIFIER = EnchantCode.QRCodeGenerateExUITests;
				PRODUCT_NAME = "$(TARGET_NAME)";
				SWIFT_VERSION = 5.0;
				TARGETED_DEVICE_FAMILY = "1,2";
				TEST_TARGET_NAME = QRCodeGenerateEx;
			};
			name = Debug;
		};
		9E21D21625B1ABC100DE87CC /* Release */ = {
			isa = XCBuildConfiguration;
			buildSettings = {
				ALWAYS_EMBED_SWIFT_STANDARD_LIBRARIES = YES;
				CODE_SIGN_STYLE = Automatic;
				DEVELOPMENT_TEAM = 9JTFXT4CWH;
				INFOPLIST_FILE = QRCodeGenerateExUITests/Info.plist;
				LD_RUNPATH_SEARCH_PATHS = (
					"$(inherited)",
					"@executable_path/Frameworks",
					"@loader_path/Frameworks",
				);
				PRODUCT_BUNDLE_IDENTIFIER = EnchantCode.QRCodeGenerateExUITests;
				PRODUCT_NAME = "$(TARGET_NAME)";
				SWIFT_VERSION = 5.0;
				TARGETED_DEVICE_FAMILY = "1,2";
				TEST_TARGET_NAME = QRCodeGenerateEx;
			};
			name = Release;
		};
/* End XCBuildConfiguration section */

/* Begin XCConfigurationList section */
		9E21D1DF25B1ABC000DE87CC /* Build configuration list for PBXProject "QRCodeGenerateEx" */ = {
			isa = XCConfigurationList;
			buildConfigurations = (
				9E21D20C25B1ABC100DE87CC /* Debug */,
				9E21D20D25B1ABC100DE87CC /* Release */,
			);
			defaultConfigurationIsVisible = 0;
			defaultConfigurationName = Release;
		};
		9E21D20E25B1ABC100DE87CC /* Build configuration list for PBXNativeTarget "QRCodeGenerateEx" */ = {
			isa = XCConfigurationList;
			buildConfigurations = (
				9E21D20F25B1ABC100DE87CC /* Debug */,
				9E21D21025B1ABC100DE87CC /* Release */,
			);
			defaultConfigurationIsVisible = 0;
			defaultConfigurationName = Release;
		};
		9E21D21125B1ABC100DE87CC /* Build configuration list for PBXNativeTarget "QRCodeGenerateExTests" */ = {
			isa = XCConfigurationList;
			buildConfigurations = (
				9E21D21225B1ABC100DE87CC /* Debug */,
				9E21D21325B1ABC100DE87CC /* Release */,
			);
			defaultConfigurationIsVisible = 0;
			defaultConfigurationName = Release;
		};
		9E21D21425B1ABC100DE87CC /* Build configuration list for PBXNativeTarget "QRCodeGenerateExUITests" */ = {
			isa = XCConfigurationList;
			buildConfigurations = (
				9E21D21525B1ABC100DE87CC /* Debug */,
				9E21D21625B1ABC100DE87CC /* Release */,
			);
			defaultConfigurationIsVisible = 0;
			defaultConfigurationName = Release;
		};
/* End XCConfigurationList section */
	};
	rootObject = 9E21D1DC25B1ABC000DE87CC /* Project object */;
}
